
Microsoft Visual Studio Solution File, Format Version 12.00
# Visual Studio Version 17
VisualStudioVersion = 17.2.32630.192
MinimumVisualStudioVersion = 10.0.40219.1
Project("{FAE04EC0-301F-11D3-BF4B-00C04F79EFBC}") = "TimeSpeedMod", "TimeSpeedMod.csproj", "{4797ECC9-5E9A-41E8-8B2F-5052A2164725}"
EndProject
Global
	GlobalSection(SolutionConfigurationPlatforms) = preSolution
		Debug|Any CPU = Debug|Any CPU
		Release|Any CPU = Release|Any CPU
	EndGlobalSection
	GlobalSection(ProjectConfigurationPlatforms) = postSolution
		{4797ECC9-5E9A-41E8-8B2F-5052A2164725}.Debug|Any CPU.ActiveCfg = Debug|Any CPU
		{4797ECC9-5E9A-41E8-8B2F-5052A2164725}.Debug|Any CPU.Build.0 = Debug|Any CPU
		{4797ECC9-5E9A-41E8-8B2F-5052A2164725}.Release|Any CPU.ActiveCfg = Release|Any CPU
		{4797ECC9-5E9A-41E8-8B2F-5052A2164725}.Release|Any CPU.Build.0 = Release|Any CPU
	EndGlobalSection
	GlobalSection(SolutionProperties) = preSolution
		HideSolutionNode = FALSE
	EndGlobalSection
	GlobalSection(ExtensibilityGlobals) = postSolution
		SolutionGuid = {2EEF91FF-F00F-45F8-922F-30F648164B13}
	EndGlobalSection
EndGlobal
